// !$*UTF8*$!
{
	archiveVersion = 1;
	classes = {
	};
	objectVersion = 56;
	objects = {

/* Begin PBXBuildFile section */
		9277E400739F4D92EA0A7F79 /* Pods_SportSpot.framework in Frameworks */ = {isa = PBXBuildFile; fileRef = D617E07CE6A96E53A96257C2 /* Pods_SportSpot.framework */; };
		DA15BEFF2BD9B12C00175EC5 /* SplashViewController.swift in Sources */ = {isa = PBXBuildFile; fileRef = DA15BEFD2BD9B12C00175EC5 /* SplashViewController.swift */; };
		DA15BF002BD9B12C00175EC5 /* SplashViewController.xib in Resources */ = {isa = PBXBuildFile; fileRef = DA15BEFE2BD9B12C00175EC5 /* SplashViewController.xib */; };
		DA15BF022BD9B20200175EC5 /* football.json in Resources */ = {isa = PBXBuildFile; fileRef = DA15BF012BD9B20200175EC5 /* football.json */; };
		DA6457852BDA7AC9006B3D48 /* LeaguesDetailsViewController.swift in Sources */ = {isa = PBXBuildFile; fileRef = DA6457832BDA7AC9006B3D48 /* LeaguesDetailsViewController.swift */; };
		DA6457862BDA7AC9006B3D48 /* LeaguesDetailsViewController.xib in Resources */ = {isa = PBXBuildFile; fileRef = DA6457842BDA7AC9006B3D48 /* LeaguesDetailsViewController.xib */; };
		DA910DA42BDC08750067EBD8 /* TeamsResponse.swift in Sources */ = {isa = PBXBuildFile; fileRef = DA910DA32BDC08750067EBD8 /* TeamsResponse.swift */; };
		DA910DAA2BDC435F0067EBD8 /* Assets.xcassets in Resources */ = {isa = PBXBuildFile; fileRef = DA910DA92BDC435F0067EBD8 /* Assets.xcassets */; };
		DA96BEE92BDAC8CE00AD9258 /* LeaguesDetailsCollectionViewCell.swift in Sources */ = {isa = PBXBuildFile; fileRef = DA96BEE72BDAC8CE00AD9258 /* LeaguesDetailsCollectionViewCell.swift */; };
		DA96BEEA2BDAC8CE00AD9258 /* LeaguesDetailsCollectionViewCell.xib in Resources */ = {isa = PBXBuildFile; fileRef = DA96BEE82BDAC8CE00AD9258 /* LeaguesDetailsCollectionViewCell.xib */; };
		DABB71E72BDD1CF000D52BF7 /* leaguesDetailsProtocol.swift in Sources */ = {isa = PBXBuildFile; fileRef = DABB71E62BDD1CF000D52BF7 /* leaguesDetailsProtocol.swift */; };
		DABB71EE2BDD27F700D52BF7 /* DetailsPresenter.swift in Sources */ = {isa = PBXBuildFile; fileRef = DABB71ED2BDD27F700D52BF7 /* DetailsPresenter.swift */; };
		DABB71F12BDD39C800D52BF7 /* FavouriteTableViewCell.swift in Sources */ = {isa = PBXBuildFile; fileRef = DABB71EF2BDD39C800D52BF7 /* FavouriteTableViewCell.swift */; };
		DABB71F22BDD39C800D52BF7 /* FavouriteTableViewCell.xib in Resources */ = {isa = PBXBuildFile; fileRef = DABB71F02BDD39C800D52BF7 /* FavouriteTableViewCell.xib */; };
		DABB71F82BDD8FE900D52BF7 /* CoreData.swift in Sources */ = {isa = PBXBuildFile; fileRef = DABB71F72BDD8FE900D52BF7 /* CoreData.swift */; };
		DABB71FA2BDE050300D52BF7 /* CoreProtocol.swift in Sources */ = {isa = PBXBuildFile; fileRef = DABB71F92BDE050300D52BF7 /* CoreProtocol.swift */; };
		EC0ED6FF2BD8580E00B6EDA4 /* LeagueCellTableViewCell.swift in Sources */ = {isa = PBXBuildFile; fileRef = EC0ED6FD2BD8580E00B6EDA4 /* LeagueCellTableViewCell.swift */; };
		EC0ED7002BD8580E00B6EDA4 /* LeagueCellTableViewCell.xib in Resources */ = {isa = PBXBuildFile; fileRef = EC0ED6FE2BD8580E00B6EDA4 /* LeagueCellTableViewCell.xib */; };
		EC2196252BD84E17007B35D2 /* FavouriteViewController.swift in Sources */ = {isa = PBXBuildFile; fileRef = EC2196232BD84E16007B35D2 /* FavouriteViewController.swift */; };
		EC2196262BD84E17007B35D2 /* FavouriteViewController.xib in Resources */ = {isa = PBXBuildFile; fileRef = EC2196242BD84E16007B35D2 /* FavouriteViewController.xib */; };
		EC2BC7772BD6C3B20033465F /* Network.swift in Sources */ = {isa = PBXBuildFile; fileRef = EC2BC7762BD6C3B20033465F /* Network.swift */; };
		EC3FBE272BDA7E1D003939AB /* LeaguesPresenter.swift in Sources */ = {isa = PBXBuildFile; fileRef = EC3FBE262BDA7E1D003939AB /* LeaguesPresenter.swift */; };
		EC64F98D2BDC649200544C89 /* TeamViewController.swift in Sources */ = {isa = PBXBuildFile; fileRef = EC64F98B2BDC649200544C89 /* TeamViewController.swift */; };
		EC64F98E2BDC649200544C89 /* TeamViewController.xib in Resources */ = {isa = PBXBuildFile; fileRef = EC64F98C2BDC649200544C89 /* TeamViewController.xib */; };
		EC64F9902BDC64AF00544C89 /* TeamPresenter.swift in Sources */ = {isa = PBXBuildFile; fileRef = EC64F98F2BDC64AF00544C89 /* TeamPresenter.swift */; };
		EC64F9932BDC64CC00544C89 /* TeamTableViewCell.swift in Sources */ = {isa = PBXBuildFile; fileRef = EC64F9912BDC64CC00544C89 /* TeamTableViewCell.swift */; };
		EC64F9942BDC64CC00544C89 /* TeamTableViewCell.xib in Resources */ = {isa = PBXBuildFile; fileRef = EC64F9922BDC64CC00544C89 /* TeamTableViewCell.xib */; };
		EC64F9962BDC64DF00544C89 /* TeamViewProtocol.swift in Sources */ = {isa = PBXBuildFile; fileRef = EC64F9952BDC64DF00544C89 /* TeamViewProtocol.swift */; };
		EC64F9982BDC654100544C89 /* TeamDetailsResponse.swift in Sources */ = {isa = PBXBuildFile; fileRef = EC64F9972BDC654100544C89 /* TeamDetailsResponse.swift */; };
		EC8381C82BD817ED00FEB5B1 /* FixturesResponse.swift in Sources */ = {isa = PBXBuildFile; fileRef = EC8381C72BD817ED00FEB5B1 /* FixturesResponse.swift */; };
		EC8381CC2BD81A0B00FEB5B1 /* LeaguesViewController.swift in Sources */ = {isa = PBXBuildFile; fileRef = EC8381CA2BD81A0B00FEB5B1 /* LeaguesViewController.swift */; };
		EC8381CD2BD81A0B00FEB5B1 /* LeaguesViewController.xib in Resources */ = {isa = PBXBuildFile; fileRef = EC8381CB2BD81A0B00FEB5B1 /* LeaguesViewController.xib */; };
		EC8381D02BD81B8F00FEB5B1 /* SportsCollectionViewCell.swift in Sources */ = {isa = PBXBuildFile; fileRef = EC8381CE2BD81B8F00FEB5B1 /* SportsCollectionViewCell.swift */; };
		EC8381D12BD81B8F00FEB5B1 /* SportsCollectionViewCell.xib in Resources */ = {isa = PBXBuildFile; fileRef = EC8381CF2BD81B8F00FEB5B1 /* SportsCollectionViewCell.xib */; };
		ECA5B5FF2BD687250062E356 /* AppDelegate.swift in Sources */ = {isa = PBXBuildFile; fileRef = ECA5B5FE2BD687250062E356 /* AppDelegate.swift */; };
		ECA5B6012BD687250062E356 /* SceneDelegate.swift in Sources */ = {isa = PBXBuildFile; fileRef = ECA5B6002BD687250062E356 /* SceneDelegate.swift */; };
		ECA5B6092BD687250062E356 /* SportSpot.xcdatamodeld in Sources */ = {isa = PBXBuildFile; fileRef = ECA5B6072BD687250062E356 /* SportSpot.xcdatamodeld */; };
		ECA5B60E2BD687270062E356 /* LaunchScreen.storyboard in Resources */ = {isa = PBXBuildFile; fileRef = ECA5B60C2BD687270062E356 /* LaunchScreen.storyboard */; };
		ECD0691D2BDADCDB005CA83A /* NetworkProtocol.swift in Sources */ = {isa = PBXBuildFile; fileRef = ECD0691C2BDADCDB005CA83A /* NetworkProtocol.swift */; };
		ECD0691F2BDADD45005CA83A /* LeagueViewProtocol.swift in Sources */ = {isa = PBXBuildFile; fileRef = ECD0691E2BDADD45005CA83A /* LeagueViewProtocol.swift */; };
		ECDCC33F2BD6B3B00060A284 /* HomeViewController.swift in Sources */ = {isa = PBXBuildFile; fileRef = ECDCC33D2BD6B3AF0060A284 /* HomeViewController.swift */; };
		ECDCC3402BD6B3B00060A284 /* HomeViewController.xib in Resources */ = {isa = PBXBuildFile; fileRef = ECDCC33E2BD6B3B00060A284 /* HomeViewController.xib */; };
		ECE25CFF2BD6A95300A68783 /* LeagueResponse.swift in Sources */ = {isa = PBXBuildFile; fileRef = ECE25CFE2BD6A95300A68783 /* LeagueResponse.swift */; };
/* End PBXBuildFile section */

/* Begin PBXFileReference section */
		07C7BBBC0920EBA094F1902E /* Pods-SportSpot.release.xcconfig */ = {isa = PBXFileReference; includeInIndex = 1; lastKnownFileType = text.xcconfig; name = "Pods-SportSpot.release.xcconfig"; path = "Target Support Files/Pods-SportSpot/Pods-SportSpot.release.xcconfig"; sourceTree = "<group>"; };
		576FB3297A9E90B59E7015EE /* Pods-SportSpot.debug.xcconfig */ = {isa = PBXFileReference; includeInIndex = 1; lastKnownFileType = text.xcconfig; name = "Pods-SportSpot.debug.xcconfig"; path = "Target Support Files/Pods-SportSpot/Pods-SportSpot.debug.xcconfig"; sourceTree = "<group>"; };
		D617E07CE6A96E53A96257C2 /* Pods_SportSpot.framework */ = {isa = PBXFileReference; explicitFileType = wrapper.framework; includeInIndex = 0; path = Pods_SportSpot.framework; sourceTree = BUILT_PRODUCTS_DIR; };
		DA15BEFD2BD9B12C00175EC5 /* SplashViewController.swift */ = {isa = PBXFileReference; lastKnownFileType = sourcecode.swift; path = SplashViewController.swift; sourceTree = "<group>"; };
		DA15BEFE2BD9B12C00175EC5 /* SplashViewController.xib */ = {isa = PBXFileReference; lastKnownFileType = file.xib; path = SplashViewController.xib; sourceTree = "<group>"; };
		DA15BF012BD9B20200175EC5 /* football.json */ = {isa = PBXFileReference; fileEncoding = 4; lastKnownFileType = text.json; path = football.json; sourceTree = "<group>"; };
		DA6457832BDA7AC9006B3D48 /* LeaguesDetailsViewController.swift */ = {isa = PBXFileReference; lastKnownFileType = sourcecode.swift; path = LeaguesDetailsViewController.swift; sourceTree = "<group>"; };
		DA6457842BDA7AC9006B3D48 /* LeaguesDetailsViewController.xib */ = {isa = PBXFileReference; lastKnownFileType = file.xib; path = LeaguesDetailsViewController.xib; sourceTree = "<group>"; };
		DA910DA32BDC08750067EBD8 /* TeamsResponse.swift */ = {isa = PBXFileReference; lastKnownFileType = sourcecode.swift; path = TeamsResponse.swift; sourceTree = "<group>"; };
		DA910DA92BDC435F0067EBD8 /* Assets.xcassets */ = {isa = PBXFileReference; lastKnownFileType = folder.assetcatalog; path = Assets.xcassets; sourceTree = "<group>"; };
		DA96BEE72BDAC8CE00AD9258 /* LeaguesDetailsCollectionViewCell.swift */ = {isa = PBXFileReference; lastKnownFileType = sourcecode.swift; path = LeaguesDetailsCollectionViewCell.swift; sourceTree = "<group>"; };
		DA96BEE82BDAC8CE00AD9258 /* LeaguesDetailsCollectionViewCell.xib */ = {isa = PBXFileReference; lastKnownFileType = file.xib; path = LeaguesDetailsCollectionViewCell.xib; sourceTree = "<group>"; };
		DABB71E62BDD1CF000D52BF7 /* leaguesDetailsProtocol.swift */ = {isa = PBXFileReference; lastKnownFileType = sourcecode.swift; path = leaguesDetailsProtocol.swift; sourceTree = "<group>"; };
		DABB71ED2BDD27F700D52BF7 /* DetailsPresenter.swift */ = {isa = PBXFileReference; lastKnownFileType = sourcecode.swift; path = DetailsPresenter.swift; sourceTree = "<group>"; };
		DABB71EF2BDD39C800D52BF7 /* FavouriteTableViewCell.swift */ = {isa = PBXFileReference; lastKnownFileType = sourcecode.swift; path = FavouriteTableViewCell.swift; sourceTree = "<group>"; };
		DABB71F02BDD39C800D52BF7 /* FavouriteTableViewCell.xib */ = {isa = PBXFileReference; lastKnownFileType = file.xib; path = FavouriteTableViewCell.xib; sourceTree = "<group>"; };
		DABB71F72BDD8FE900D52BF7 /* CoreData.swift */ = {isa = PBXFileReference; lastKnownFileType = sourcecode.swift; path = CoreData.swift; sourceTree = "<group>"; };
		DABB71F92BDE050300D52BF7 /* CoreProtocol.swift */ = {isa = PBXFileReference; lastKnownFileType = sourcecode.swift; path = CoreProtocol.swift; sourceTree = "<group>"; };
		EC0ED6FD2BD8580E00B6EDA4 /* LeagueCellTableViewCell.swift */ = {isa = PBXFileReference; lastKnownFileType = sourcecode.swift; path = LeagueCellTableViewCell.swift; sourceTree = "<group>"; };
		EC0ED6FE2BD8580E00B6EDA4 /* LeagueCellTableViewCell.xib */ = {isa = PBXFileReference; lastKnownFileType = file.xib; path = LeagueCellTableViewCell.xib; sourceTree = "<group>"; };
		EC2196232BD84E16007B35D2 /* FavouriteViewController.swift */ = {isa = PBXFileReference; lastKnownFileType = sourcecode.swift; path = FavouriteViewController.swift; sourceTree = "<group>"; };
		EC2196242BD84E16007B35D2 /* FavouriteViewController.xib */ = {isa = PBXFileReference; lastKnownFileType = file.xib; path = FavouriteViewController.xib; sourceTree = "<group>"; };
		EC2BC7762BD6C3B20033465F /* Network.swift */ = {isa = PBXFileReference; lastKnownFileType = sourcecode.swift; path = Network.swift; sourceTree = "<group>"; };
		EC3FBE262BDA7E1D003939AB /* LeaguesPresenter.swift */ = {isa = PBXFileReference; lastKnownFileType = sourcecode.swift; path = LeaguesPresenter.swift; sourceTree = "<group>"; };
		EC64F98B2BDC649200544C89 /* TeamViewController.swift */ = {isa = PBXFileReference; lastKnownFileType = sourcecode.swift; path = TeamViewController.swift; sourceTree = "<group>"; };
		EC64F98C2BDC649200544C89 /* TeamViewController.xib */ = {isa = PBXFileReference; lastKnownFileType = file.xib; path = TeamViewController.xib; sourceTree = "<group>"; };
		EC64F98F2BDC64AF00544C89 /* TeamPresenter.swift */ = {isa = PBXFileReference; lastKnownFileType = sourcecode.swift; path = TeamPresenter.swift; sourceTree = "<group>"; };
		EC64F9912BDC64CC00544C89 /* TeamTableViewCell.swift */ = {isa = PBXFileReference; lastKnownFileType = sourcecode.swift; path = TeamTableViewCell.swift; sourceTree = "<group>"; };
		EC64F9922BDC64CC00544C89 /* TeamTableViewCell.xib */ = {isa = PBXFileReference; lastKnownFileType = file.xib; path = TeamTableViewCell.xib; sourceTree = "<group>"; };
		EC64F9952BDC64DF00544C89 /* TeamViewProtocol.swift */ = {isa = PBXFileReference; lastKnownFileType = sourcecode.swift; path = TeamViewProtocol.swift; sourceTree = "<group>"; };
		EC64F9972BDC654100544C89 /* TeamDetailsResponse.swift */ = {isa = PBXFileReference; lastKnownFileType = sourcecode.swift; path = TeamDetailsResponse.swift; sourceTree = "<group>"; };
		EC8381C72BD817ED00FEB5B1 /* FixturesResponse.swift */ = {isa = PBXFileReference; lastKnownFileType = sourcecode.swift; path = FixturesResponse.swift; sourceTree = "<group>"; };
		EC8381CA2BD81A0B00FEB5B1 /* LeaguesViewController.swift */ = {isa = PBXFileReference; lastKnownFileType = sourcecode.swift; path = LeaguesViewController.swift; sourceTree = "<group>"; };
		EC8381CB2BD81A0B00FEB5B1 /* LeaguesViewController.xib */ = {isa = PBXFileReference; lastKnownFileType = file.xib; path = LeaguesViewController.xib; sourceTree = "<group>"; };
		EC8381CE2BD81B8F00FEB5B1 /* SportsCollectionViewCell.swift */ = {isa = PBXFileReference; lastKnownFileType = sourcecode.swift; path = SportsCollectionViewCell.swift; sourceTree = "<group>"; };
		EC8381CF2BD81B8F00FEB5B1 /* SportsCollectionViewCell.xib */ = {isa = PBXFileReference; lastKnownFileType = file.xib; path = SportsCollectionViewCell.xib; sourceTree = "<group>"; };
		ECA5B5FB2BD687250062E356 /* SportSpot.app */ = {isa = PBXFileReference; explicitFileType = wrapper.application; includeInIndex = 0; path = SportSpot.app; sourceTree = BUILT_PRODUCTS_DIR; };
		ECA5B5FE2BD687250062E356 /* AppDelegate.swift */ = {isa = PBXFileReference; lastKnownFileType = sourcecode.swift; path = AppDelegate.swift; sourceTree = "<group>"; };
		ECA5B6002BD687250062E356 /* SceneDelegate.swift */ = {isa = PBXFileReference; lastKnownFileType = sourcecode.swift; path = SceneDelegate.swift; sourceTree = "<group>"; };
		ECA5B6082BD687250062E356 /* SportSpot.xcdatamodel */ = {isa = PBXFileReference; lastKnownFileType = wrapper.xcdatamodel; path = SportSpot.xcdatamodel; sourceTree = "<group>"; };
		ECA5B60D2BD687270062E356 /* Base */ = {isa = PBXFileReference; lastKnownFileType = file.storyboard; name = Base; path = Base.lproj/LaunchScreen.storyboard; sourceTree = "<group>"; };
		ECA5B60F2BD687270062E356 /* Info.plist */ = {isa = PBXFileReference; lastKnownFileType = text.plist.xml; path = Info.plist; sourceTree = "<group>"; };
		ECD0691C2BDADCDB005CA83A /* NetworkProtocol.swift */ = {isa = PBXFileReference; lastKnownFileType = sourcecode.swift; path = NetworkProtocol.swift; sourceTree = "<group>"; };
		ECD0691E2BDADD45005CA83A /* LeagueViewProtocol.swift */ = {isa = PBXFileReference; lastKnownFileType = sourcecode.swift; path = LeagueViewProtocol.swift; sourceTree = "<group>"; };
		ECDCC33D2BD6B3AF0060A284 /* HomeViewController.swift */ = {isa = PBXFileReference; lastKnownFileType = sourcecode.swift; path = HomeViewController.swift; sourceTree = "<group>"; };
		ECDCC33E2BD6B3B00060A284 /* HomeViewController.xib */ = {isa = PBXFileReference; lastKnownFileType = file.xib; path = HomeViewController.xib; sourceTree = "<group>"; };
		ECE25CFE2BD6A95300A68783 /* LeagueResponse.swift */ = {isa = PBXFileReference; lastKnownFileType = sourcecode.swift; path = LeagueResponse.swift; sourceTree = "<group>"; };
/* End PBXFileReference section */

/* Begin PBXFrameworksBuildPhase section */
		ECA5B5F82BD687250062E356 /* Frameworks */ = {
			isa = PBXFrameworksBuildPhase;
			buildActionMask = 2147483647;
			files = (
				9277E400739F4D92EA0A7F79 /* Pods_SportSpot.framework in Frameworks */,
			);
			runOnlyForDeploymentPostprocessing = 0;
		};
/* End PBXFrameworksBuildPhase section */

/* Begin PBXGroup section */
		65A9692A48DDCD0296D3D5C1 /* Frameworks */ = {
			isa = PBXGroup;
			children = (
				D617E07CE6A96E53A96257C2 /* Pods_SportSpot.framework */,
			);
			name = Frameworks;
			sourceTree = "<group>";
		};
		DA15BEFC2BD9B10600175EC5 /* splashScreen */ = {
			isa = PBXGroup;
			children = (
				DA15BF012BD9B20200175EC5 /* football.json */,
				DA15BEFD2BD9B12C00175EC5 /* SplashViewController.swift */,
				DA15BEFE2BD9B12C00175EC5 /* SplashViewController.xib */,
			);
			path = splashScreen;
			sourceTree = "<group>";
		};
		DA6457822BDA7A52006B3D48 /* leaguesDetails */ = {
			isa = PBXGroup;
			children = (
				DABB71EC2BDD27CE00D52BF7 /* DetailsPresenter */,
				DA6457832BDA7AC9006B3D48 /* LeaguesDetailsViewController.swift */,
				DA6457842BDA7AC9006B3D48 /* LeaguesDetailsViewController.xib */,
				DA96BEE72BDAC8CE00AD9258 /* LeaguesDetailsCollectionViewCell.swift */,
				DA96BEE82BDAC8CE00AD9258 /* LeaguesDetailsCollectionViewCell.xib */,
				DABB71E62BDD1CF000D52BF7 /* leaguesDetailsProtocol.swift */,
			);
			path = leaguesDetails;
			sourceTree = "<group>";
		};
		DABB71EC2BDD27CE00D52BF7 /* DetailsPresenter */ = {
			isa = PBXGroup;
			children = (
				DABB71ED2BDD27F700D52BF7 /* DetailsPresenter.swift */,
			);
			path = DetailsPresenter;
			sourceTree = "<group>";
		};
		EC2196222BD84DE7007B35D2 /* favourite */ = {
			isa = PBXGroup;
			children = (
				EC2196232BD84E16007B35D2 /* FavouriteViewController.swift */,
				EC2196242BD84E16007B35D2 /* FavouriteViewController.xib */,
				DABB71EF2BDD39C800D52BF7 /* FavouriteTableViewCell.swift */,
				DABB71F02BDD39C800D52BF7 /* FavouriteTableViewCell.xib */,
			);
			path = favourite;
			sourceTree = "<group>";
		};
		EC3FBE212BDA7DB9003939AB /* view */ = {
			isa = PBXGroup;
			children = (
				EC8381CF2BD81B8F00FEB5B1 /* SportsCollectionViewCell.xib */,
				EC8381CE2BD81B8F00FEB5B1 /* SportsCollectionViewCell.swift */,
				ECDCC33E2BD6B3B00060A284 /* HomeViewController.xib */,
				ECDCC33D2BD6B3AF0060A284 /* HomeViewController.swift */,
			);
			path = view;
			sourceTree = "<group>";
		};
		EC3FBE242BDA7DE5003939AB /* presenter */ = {
			isa = PBXGroup;
			children = (
				EC3FBE262BDA7E1D003939AB /* LeaguesPresenter.swift */,
			);
			path = presenter;
			sourceTree = "<group>";
		};
		EC3FBE252BDA7DF2003939AB /* view */ = {
			isa = PBXGroup;
			children = (
				EC8381CA2BD81A0B00FEB5B1 /* LeaguesViewController.swift */,
				EC8381CB2BD81A0B00FEB5B1 /* LeaguesViewController.xib */,
				EC0ED6FD2BD8580E00B6EDA4 /* LeagueCellTableViewCell.swift */,
				EC0ED6FE2BD8580E00B6EDA4 /* LeagueCellTableViewCell.xib */,
				ECD0691E2BDADD45005CA83A /* LeagueViewProtocol.swift */,
			);
			path = view;
			sourceTree = "<group>";
		};
		EC64F9882BDC641400544C89 /* teamDetails */ = {
			isa = PBXGroup;
			children = (
				EC64F98A2BDC644F00544C89 /* presenter */,
				EC64F9892BDC644800544C89 /* view */,
			);
			path = teamDetails;
			sourceTree = "<group>";
		};
		EC64F9892BDC644800544C89 /* view */ = {
			isa = PBXGroup;
			children = (
				EC64F98B2BDC649200544C89 /* TeamViewController.swift */,
				EC64F98C2BDC649200544C89 /* TeamViewController.xib */,
				EC64F9912BDC64CC00544C89 /* TeamTableViewCell.swift */,
				EC64F9922BDC64CC00544C89 /* TeamTableViewCell.xib */,
				EC64F9952BDC64DF00544C89 /* TeamViewProtocol.swift */,
			);
			path = view;
			sourceTree = "<group>";
		};
		EC64F98A2BDC644F00544C89 /* presenter */ = {
			isa = PBXGroup;
			children = (
				EC64F98F2BDC64AF00544C89 /* TeamPresenter.swift */,
			);
			path = presenter;
			sourceTree = "<group>";
		};
		EC8381C92BD819EF00FEB5B1 /* leagues */ = {
			isa = PBXGroup;
			children = (
				EC3FBE252BDA7DF2003939AB /* view */,
				EC3FBE242BDA7DE5003939AB /* presenter */,
			);
			path = leagues;
			sourceTree = "<group>";
		};
		ECA5B5F22BD687250062E356 = {
			isa = PBXGroup;
			children = (
				ECA5B5FD2BD687250062E356 /* SportSpot */,
				ECA5B5FC2BD687250062E356 /* Products */,
				F208C08F810560668B338764 /* Pods */,
				65A9692A48DDCD0296D3D5C1 /* Frameworks */,
			);
			sourceTree = "<group>";
		};
		ECA5B5FC2BD687250062E356 /* Products */ = {
			isa = PBXGroup;
			children = (
				ECA5B5FB2BD687250062E356 /* SportSpot.app */,
			);
			name = Products;
			sourceTree = "<group>";
		};
		ECA5B5FD2BD687250062E356 /* SportSpot */ = {
			isa = PBXGroup;
			children = (
				EC64F9882BDC641400544C89 /* teamDetails */,
				DA910DA92BDC435F0067EBD8 /* Assets.xcassets */,
				DA6457822BDA7A52006B3D48 /* leaguesDetails */,
				DA15BEFC2BD9B10600175EC5 /* splashScreen */,
				EC2196222BD84DE7007B35D2 /* favourite */,
				EC8381C92BD819EF00FEB5B1 /* leagues */,
				ECDCC33C2BD6B38B0060A284 /* home */,
				ECE25CF92BD6A52000A68783 /* model */,
				ECE25CFB2BD6A63C00A68783 /* utilits */,
				ECA5B60C2BD687270062E356 /* LaunchScreen.storyboard */,
				ECA5B60F2BD687270062E356 /* Info.plist */,
				ECA5B6072BD687250062E356 /* SportSpot.xcdatamodeld */,
			);
			path = SportSpot;
			sourceTree = "<group>";
		};
		ECDCC33C2BD6B38B0060A284 /* home */ = {
			isa = PBXGroup;
			children = (
				EC3FBE212BDA7DB9003939AB /* view */,
			);
			path = home;
			sourceTree = "<group>";
		};
		ECE25CF62BD6A2BE00A68783 /* network */ = {
			isa = PBXGroup;
			children = (
				EC2BC7762BD6C3B20033465F /* Network.swift */,
				ECD0691C2BDADCDB005CA83A /* NetworkProtocol.swift */,
			);
			path = network;
			sourceTree = "<group>";
		};
		ECE25CF72BD6A2D200A68783 /* local */ = {
			isa = PBXGroup;
			children = (
				DABB71F72BDD8FE900D52BF7 /* CoreData.swift */,
				DABB71F92BDE050300D52BF7 /* CoreProtocol.swift */,
			);
			path = local;
			sourceTree = "<group>";
		};
		ECE25CF92BD6A52000A68783 /* model */ = {
			isa = PBXGroup;
			children = (
				ECE25CF72BD6A2D200A68783 /* local */,
				ECE25CF62BD6A2BE00A68783 /* network */,
				ECE25CFE2BD6A95300A68783 /* LeagueResponse.swift */,
				EC8381C72BD817ED00FEB5B1 /* FixturesResponse.swift */,
				DA910DA32BDC08750067EBD8 /* TeamsResponse.swift */,
				EC64F9972BDC654100544C89 /* TeamDetailsResponse.swift */,
			);
			path = model;
			sourceTree = "<group>";
		};
		ECE25CFB2BD6A63C00A68783 /* utilits */ = {
			isa = PBXGroup;
			children = (
				ECA5B5FE2BD687250062E356 /* AppDelegate.swift */,
				ECA5B6002BD687250062E356 /* SceneDelegate.swift */,
			);
			path = utilits;
			sourceTree = "<group>";
		};
		F208C08F810560668B338764 /* Pods */ = {
			isa = PBXGroup;
			children = (
				576FB3297A9E90B59E7015EE /* Pods-SportSpot.debug.xcconfig */,
				07C7BBBC0920EBA094F1902E /* Pods-SportSpot.release.xcconfig */,
			);
			path = Pods;
			sourceTree = "<group>";
		};
/* End PBXGroup section */

/* Begin PBXNativeTarget section */
		ECA5B5FA2BD687250062E356 /* SportSpot */ = {
			isa = PBXNativeTarget;
			buildConfigurationList = ECA5B6122BD687270062E356 /* Build configuration list for PBXNativeTarget "SportSpot" */;
			buildPhases = (
				CC26D8989BB77711BD684375 /* [CP] Check Pods Manifest.lock */,
				ECA5B5F72BD687250062E356 /* Sources */,
				ECA5B5F82BD687250062E356 /* Frameworks */,
				ECA5B5F92BD687250062E356 /* Resources */,
				7C99BF5AFE6ABB8AB1436ED4 /* [CP] Embed Pods Frameworks */,
			);
			buildRules = (
			);
			dependencies = (
			);
			name = SportSpot;
			productName = SportSpot;
			productReference = ECA5B5FB2BD687250062E356 /* SportSpot.app */;
			productType = "com.apple.product-type.application";
		};
/* End PBXNativeTarget section */

/* Begin PBXProject section */
		ECA5B5F32BD687250062E356 /* Project object */ = {
			isa = PBXProject;
			attributes = {
				BuildIndependentTargetsInParallel = 1;
				LastSwiftUpdateCheck = 1420;
				LastUpgradeCheck = 1420;
				TargetAttributes = {
					ECA5B5FA2BD687250062E356 = {
						CreatedOnToolsVersion = 14.2;
						LastSwiftMigration = 1420;
					};
				};
			};
			buildConfigurationList = ECA5B5F62BD687250062E356 /* Build configuration list for PBXProject "SportSpot" */;
			compatibilityVersion = "Xcode 14.0";
			developmentRegion = en;
			hasScannedForEncodings = 0;
			knownRegions = (
				en,
				Base,
			);
			mainGroup = ECA5B5F22BD687250062E356;
			productRefGroup = ECA5B5FC2BD687250062E356 /* Products */;
			projectDirPath = "";
			projectRoot = "";
			targets = (
				ECA5B5FA2BD687250062E356 /* SportSpot */,
			);
		};
/* End PBXProject section */

/* Begin PBXResourcesBuildPhase section */
		ECA5B5F92BD687250062E356 /* Resources */ = {
			isa = PBXResourcesBuildPhase;
			buildActionMask = 2147483647;
			files = (
				EC2196262BD84E17007B35D2 /* FavouriteViewController.xib in Resources */,
				EC64F98E2BDC649200544C89 /* TeamViewController.xib in Resources */,
				ECA5B60E2BD687270062E356 /* LaunchScreen.storyboard in Resources */,
				DA910DAA2BDC435F0067EBD8 /* Assets.xcassets in Resources */,
				DA15BF002BD9B12C00175EC5 /* SplashViewController.xib in Resources */,
				DABB71F22BDD39C800D52BF7 /* FavouriteTableViewCell.xib in Resources */,
				EC8381D12BD81B8F00FEB5B1 /* SportsCollectionViewCell.xib in Resources */,
				EC64F9942BDC64CC00544C89 /* TeamTableViewCell.xib in Resources */,
				DA15BF022BD9B20200175EC5 /* football.json in Resources */,
				DA6457862BDA7AC9006B3D48 /* LeaguesDetailsViewController.xib in Resources */,
				ECDCC3402BD6B3B00060A284 /* HomeViewController.xib in Resources */,
				EC0ED7002BD8580E00B6EDA4 /* LeagueCellTableViewCell.xib in Resources */,
				EC8381CD2BD81A0B00FEB5B1 /* LeaguesViewController.xib in Resources */,
				DA96BEEA2BDAC8CE00AD9258 /* LeaguesDetailsCollectionViewCell.xib in Resources */,
			);
			runOnlyForDeploymentPostprocessing = 0;
		};
/* End PBXResourcesBuildPhase section */

/* Begin PBXShellScriptBuildPhase section */
		7C99BF5AFE6ABB8AB1436ED4 /* [CP] Embed Pods Frameworks */ = {
			isa = PBXShellScriptBuildPhase;
			buildActionMask = 2147483647;
			files = (
			);
			inputFileListPaths = (
				"${PODS_ROOT}/Target Support Files/Pods-SportSpot/Pods-SportSpot-frameworks-${CONFIGURATION}-input-files.xcfilelist",
			);
			name = "[CP] Embed Pods Frameworks";
			outputFileListPaths = (
				"${PODS_ROOT}/Target Support Files/Pods-SportSpot/Pods-SportSpot-frameworks-${CONFIGURATION}-output-files.xcfilelist",
			);
			runOnlyForDeploymentPostprocessing = 0;
			shellPath = /bin/sh;
			shellScript = "\"${PODS_ROOT}/Target Support Files/Pods-SportSpot/Pods-SportSpot-frameworks.sh\"\n";
			showEnvVarsInLog = 0;
		};
		CC26D8989BB77711BD684375 /* [CP] Check Pods Manifest.lock */ = {
			isa = PBXShellScriptBuildPhase;
			buildActionMask = 2147483647;
			files = (
			);
			inputFileListPaths = (
			);
			inputPaths = (
				"${PODS_PODFILE_DIR_PATH}/Podfile.lock",
				"${PODS_ROOT}/Manifest.lock",
			);
			name = "[CP] Check Pods Manifest.lock";
			outputFileListPaths = (
			);
			outputPaths = (
				"$(DERIVED_FILE_DIR)/Pods-SportSpot-checkManifestLockResult.txt",
			);
			runOnlyForDeploymentPostprocessing = 0;
			shellPath = /bin/sh;
			shellScript = "diff \"${PODS_PODFILE_DIR_PATH}/Podfile.lock\" \"${PODS_ROOT}/Manifest.lock\" > /dev/null\nif [ $? != 0 ] ; then\n    # print error to STDERR\n    echo \"error: The sandbox is not in sync with the Podfile.lock. Run 'pod install' or update your CocoaPods installation.\" >&2\n    exit 1\nfi\n# This output is used by Xcode 'outputs' to avoid re-running this script phase.\necho \"SUCCESS\" > \"${SCRIPT_OUTPUT_FILE_0}\"\n";
			showEnvVarsInLog = 0;
		};
/* End PBXShellScriptBuildPhase section */

/* Begin PBXSourcesBuildPhase section */
		ECA5B5F72BD687250062E356 /* Sources */ = {
			isa = PBXSourcesBuildPhase;
			buildActionMask = 2147483647;
			files = (
				DABB71FA2BDE050300D52BF7 /* CoreProtocol.swift in Sources */,
				EC0ED6FF2BD8580E00B6EDA4 /* LeagueCellTableViewCell.swift in Sources */,
				EC64F9902BDC64AF00544C89 /* TeamPresenter.swift in Sources */,
				ECA5B6092BD687250062E356 /* SportSpot.xcdatamodeld in Sources */,
				ECA5B5FF2BD687250062E356 /* AppDelegate.swift in Sources */,
				EC64F9932BDC64CC00544C89 /* TeamTableViewCell.swift in Sources */,
				EC64F98D2BDC649200544C89 /* TeamViewController.swift in Sources */,
				DA910DA42BDC08750067EBD8 /* TeamsResponse.swift in Sources */,
				DABB71F82BDD8FE900D52BF7 /* CoreData.swift in Sources */,
				DABB71EE2BDD27F700D52BF7 /* DetailsPresenter.swift in Sources */,
				DA15BEFF2BD9B12C00175EC5 /* SplashViewController.swift in Sources */,
				ECA5B6012BD687250062E356 /* SceneDelegate.swift in Sources */,
				ECD0691F2BDADD45005CA83A /* LeagueViewProtocol.swift in Sources */,
				EC8381CC2BD81A0B00FEB5B1 /* LeaguesViewController.swift in Sources */,
				DA96BEE92BDAC8CE00AD9258 /* LeaguesDetailsCollectionViewCell.swift in Sources */,
				EC3FBE272BDA7E1D003939AB /* LeaguesPresenter.swift in Sources */,
				EC8381D02BD81B8F00FEB5B1 /* SportsCollectionViewCell.swift in Sources */,
				DA6457852BDA7AC9006B3D48 /* LeaguesDetailsViewController.swift in Sources */,
				EC64F9982BDC654100544C89 /* TeamDetailsResponse.swift in Sources */,
				ECE25CFF2BD6A95300A68783 /* LeagueResponse.swift in Sources */,
				EC8381C82BD817ED00FEB5B1 /* FixturesResponse.swift in Sources */,
				EC64F9962BDC64DF00544C89 /* TeamViewProtocol.swift in Sources */,
				ECD0691D2BDADCDB005CA83A /* NetworkProtocol.swift in Sources */,
				EC2BC7772BD6C3B20033465F /* Network.swift in Sources */,
				DABB71E72BDD1CF000D52BF7 /* leaguesDetailsProtocol.swift in Sources */,
				DABB71F12BDD39C800D52BF7 /* FavouriteTableViewCell.swift in Sources */,
				EC2196252BD84E17007B35D2 /* FavouriteViewController.swift in Sources */,
				ECDCC33F2BD6B3B00060A284 /* HomeViewController.swift in Sources */,
			);
			runOnlyForDeploymentPostprocessing = 0;
		};
/* End PBXSourcesBuildPhase section */

/* Begin PBXVariantGroup section */
		ECA5B60C2BD687270062E356 /* LaunchScreen.storyboard */ = {
			isa = PBXVariantGroup;
			children = (
				ECA5B60D2BD687270062E356 /* Base */,
			);
			name = LaunchScreen.storyboard;
			sourceTree = "<group>";
		};
/* End PBXVariantGroup section */

/* Begin XCBuildConfiguration section */
		ECA5B6102BD687270062E356 /* Debug */ = {
			isa = XCBuildConfiguration;
			buildSettings = {
				ALWAYS_SEARCH_USER_PATHS = NO;
				CLANG_ANALYZER_NONNULL = YES;
				CLANG_ANALYZER_NUMBER_OBJECT_CONVERSION = YES_AGGRESSIVE;
				CLANG_CXX_LANGUAGE_STANDARD = "gnu++20";
				CLANG_ENABLE_MODULES = YES;
				CLANG_ENABLE_OBJC_ARC = YES;
				CLANG_ENABLE_OBJC_WEAK = YES;
				CLANG_WARN_BLOCK_CAPTURE_AUTORELEASING = YES;
				CLANG_WARN_BOOL_CONVERSION = YES;
				CLANG_WARN_COMMA = YES;
				CLANG_WARN_CONSTANT_CONVERSION = YES;
				CLANG_WARN_DEPRECATED_OBJC_IMPLEMENTATIONS = YES;
				CLANG_WARN_DIRECT_OBJC_ISA_USAGE = YES_ERROR;
				CLANG_WARN_DOCUMENTATION_COMMENTS = YES;
				CLANG_WARN_EMPTY_BODY = YES;
				CLANG_WARN_ENUM_CONVERSION = YES;
				CLANG_WARN_INFINITE_RECURSION = YES;
				CLANG_WARN_INT_CONVERSION = YES;
				CLANG_WARN_NON_LITERAL_NULL_CONVERSION = YES;
				CLANG_WARN_OBJC_IMPLICIT_RETAIN_SELF = YES;
				CLANG_WARN_OBJC_LITERAL_CONVERSION = YES;
				CLANG_WARN_OBJC_ROOT_CLASS = YES_ERROR;
				CLANG_WARN_QUOTED_INCLUDE_IN_FRAMEWORK_HEADER = YES;
				CLANG_WARN_RANGE_LOOP_ANALYSIS = YES;
				CLANG_WARN_STRICT_PROTOTYPES = YES;
				CLANG_WARN_SUSPICIOUS_MOVE = YES;
				CLANG_WARN_UNGUARDED_AVAILABILITY = YES_AGGRESSIVE;
				CLANG_WARN_UNREACHABLE_CODE = YES;
				CLANG_WARN__DUPLICATE_METHOD_MATCH = YES;
				COPY_PHASE_STRIP = NO;
				DEBUG_INFORMATION_FORMAT = dwarf;
				ENABLE_STRICT_OBJC_MSGSEND = YES;
				ENABLE_TESTABILITY = YES;
				GCC_C_LANGUAGE_STANDARD = gnu11;
				GCC_DYNAMIC_NO_PIC = NO;
				GCC_NO_COMMON_BLOCKS = YES;
				GCC_OPTIMIZATION_LEVEL = 0;
				GCC_PREPROCESSOR_DEFINITIONS = (
					"DEBUG=1",
					"$(inherited)",
				);
				GCC_WARN_64_TO_32_BIT_CONVERSION = YES;
				GCC_WARN_ABOUT_RETURN_TYPE = YES_ERROR;
				GCC_WARN_UNDECLARED_SELECTOR = YES;
				GCC_WARN_UNINITIALIZED_AUTOS = YES_AGGRESSIVE;
				GCC_WARN_UNUSED_FUNCTION = YES;
				GCC_WARN_UNUSED_VARIABLE = YES;
				IPHONEOS_DEPLOYMENT_TARGET = 16.2;
				MTL_ENABLE_DEBUG_INFO = INCLUDE_SOURCE;
				MTL_FAST_MATH = YES;
				ONLY_ACTIVE_ARCH = YES;
				SDKROOT = iphoneos;
				SWIFT_ACTIVE_COMPILATION_CONDITIONS = DEBUG;
				SWIFT_OPTIMIZATION_LEVEL = "-Onone";
			};
			name = Debug;
		};
		ECA5B6112BD687270062E356 /* Release */ = {
			isa = XCBuildConfiguration;
			buildSettings = {
				ALWAYS_SEARCH_USER_PATHS = NO;
				CLANG_ANALYZER_NONNULL = YES;
				CLANG_ANALYZER_NUMBER_OBJECT_CONVERSION = YES_AGGRESSIVE;
				CLANG_CXX_LANGUAGE_STANDARD = "gnu++20";
				CLANG_ENABLE_MODULES = YES;
				CLANG_ENABLE_OBJC_ARC = YES;
				CLANG_ENABLE_OBJC_WEAK = YES;
				CLANG_WARN_BLOCK_CAPTURE_AUTORELEASING = YES;
				CLANG_WARN_BOOL_CONVERSION = YES;
				CLANG_WARN_COMMA = YES;
				CLANG_WARN_CONSTANT_CONVERSION = YES;
				CLANG_WARN_DEPRECATED_OBJC_IMPLEMENTATIONS = YES;
				CLANG_WARN_DIRECT_OBJC_ISA_USAGE = YES_ERROR;
				CLANG_WARN_DOCUMENTATION_COMMENTS = YES;
				CLANG_WARN_EMPTY_BODY = YES;
				CLANG_WARN_ENUM_CONVERSION = YES;
				CLANG_WARN_INFINITE_RECURSION = YES;
				CLANG_WARN_INT_CONVERSION = YES;
				CLANG_WARN_NON_LITERAL_NULL_CONVERSION = YES;
				CLANG_WARN_OBJC_IMPLICIT_RETAIN_SELF = YES;
				CLANG_WARN_OBJC_LITERAL_CONVERSION = YES;
				CLANG_WARN_OBJC_ROOT_CLASS = YES_ERROR;
				CLANG_WARN_QUOTED_INCLUDE_IN_FRAMEWORK_HEADER = YES;
				CLANG_WARN_RANGE_LOOP_ANALYSIS = YES;
				CLANG_WARN_STRICT_PROTOTYPES = YES;
				CLANG_WARN_SUSPICIOUS_MOVE = YES;
				CLANG_WARN_UNGUARDED_AVAILABILITY = YES_AGGRESSIVE;
				CLANG_WARN_UNREACHABLE_CODE = YES;
				CLANG_WARN__DUPLICATE_METHOD_MATCH = YES;
				COPY_PHASE_STRIP = NO;
				DEBUG_INFORMATION_FORMAT = "dwarf-with-dsym";
				ENABLE_NS_ASSERTIONS = NO;
				ENABLE_STRICT_OBJC_MSGSEND = YES;
				GCC_C_LANGUAGE_STANDARD = gnu11;
				GCC_NO_COMMON_BLOCKS = YES;
				GCC_WARN_64_TO_32_BIT_CONVERSION = YES;
				GCC_WARN_ABOUT_RETURN_TYPE = YES_ERROR;
				GCC_WARN_UNDECLARED_SELECTOR = YES;
				GCC_WARN_UNINITIALIZED_AUTOS = YES_AGGRESSIVE;
				GCC_WARN_UNUSED_FUNCTION = YES;
				GCC_WARN_UNUSED_VARIABLE = YES;
				IPHONEOS_DEPLOYMENT_TARGET = 16.2;
				MTL_ENABLE_DEBUG_INFO = NO;
				MTL_FAST_MATH = YES;
				SDKROOT = iphoneos;
				SWIFT_COMPILATION_MODE = wholemodule;
				SWIFT_OPTIMIZATION_LEVEL = "-O";
				VALIDATE_PRODUCT = YES;
			};
			name = Release;
		};
		ECA5B6132BD687270062E356 /* Debug */ = {
			isa = XCBuildConfiguration;
			baseConfigurationReference = 576FB3297A9E90B59E7015EE /* Pods-SportSpot.debug.xcconfig */;
			buildSettings = {
				ASSETCATALOG_COMPILER_APPICON_NAME = AppIcon;
				ASSETCATALOG_COMPILER_GLOBAL_ACCENT_COLOR_NAME = AccentColor;
				CODE_SIGN_STYLE = Automatic;
				CURRENT_PROJECT_VERSION = 1;
				GENERATE_INFOPLIST_FILE = YES;
				INFOPLIST_FILE = SportSpot/Info.plist;
				INFOPLIST_KEY_UIApplicationSupportsIndirectInputEvents = YES;
				INFOPLIST_KEY_UILaunchStoryboardName = LaunchScreen;
				INFOPLIST_KEY_UISupportedInterfaceOrientations_iPad = "UIInterfaceOrientationPortrait UIInterfaceOrientationPortraitUpsideDown UIInterfaceOrientationLandscapeLeft UIInterfaceOrientationLandscapeRight";
				INFOPLIST_KEY_UISupportedInterfaceOrientations_iPhone = "UIInterfaceOrientationPortrait UIInterfaceOrientationLandscapeLeft UIInterfaceOrientationLandscapeRight";
				LD_RUNPATH_SEARCH_PATHS = (
					"$(inherited)",
					"@executable_path/Frameworks",
				);
				MARKETING_VERSION = 1.0;
				PRODUCT_BUNDLE_IDENTIFIER = iti.SportSpot;
				PRODUCT_NAME = "$(TARGET_NAME)";
				SWIFT_EMIT_LOC_STRINGS = YES;
				SWIFT_OPTIMIZATION_LEVEL = "-Onone";
				SWIFT_VERSION = 5.0;
				TARGETED_DEVICE_FAMILY = "1,2";
			};
			name = Debug;
		};
		ECA5B6142BD687270062E356 /* Release */ = {
			isa = XCBuildConfiguration;
			baseConfigurationReference = 07C7BBBC0920EBA094F1902E /* Pods-SportSpot.release.xcconfig */;
			buildSettings = {
				ASSETCATALOG_COMPILER_APPICON_NAME = AppIcon;
				ASSETCATALOG_COMPILER_GLOBAL_ACCENT_COLOR_NAME = AccentColor;
				CODE_SIGN_STYLE = Automatic;
				CURRENT_PROJECT_VERSION = 1;
				GENERATE_INFOPLIST_FILE = YES;
				INFOPLIST_FILE = SportSpot/Info.plist;
				INFOPLIST_KEY_UIApplicationSupportsIndirectInputEvents = YES;
				INFOPLIST_KEY_UILaunchStoryboardName = LaunchScreen;
				INFOPLIST_KEY_UISupportedInterfaceOrientations_iPad = "UIInterfaceOrientationPortrait UIInterfaceOrientationPortraitUpsideDown UIInterfaceOrientationLandscapeLeft UIInterfaceOrientationLandscapeRight";
				INFOPLIST_KEY_UISupportedInterfaceOrientations_iPhone = "UIInterfaceOrientationPortrait UIInterfaceOrientationLandscapeLeft UIInterfaceOrientationLandscapeRight";
				LD_RUNPATH_SEARCH_PATHS = (
					"$(inherited)",
					"@executable_path/Frameworks",
				);
				MARKETING_VERSION = 1.0;
				PRODUCT_BUNDLE_IDENTIFIER = iti.SportSpot;
				PRODUCT_NAME = "$(TARGET_NAME)";
				SWIFT_EMIT_LOC_STRINGS = YES;
				SWIFT_VERSION = 5.0;
				TARGETED_DEVICE_FAMILY = "1,2";
			};
			name = Release;
		};
/* End XCBuildConfiguration section */

/* Begin XCConfigurationList section */
		ECA5B5F62BD687250062E356 /* Build configuration list for PBXProject "SportSpot" */ = {
			isa = XCConfigurationList;
			buildConfigurations = (
				ECA5B6102BD687270062E356 /* Debug */,
				ECA5B6112BD687270062E356 /* Release */,
			);
			defaultConfigurationIsVisible = 0;
			defaultConfigurationName = Release;
		};
		ECA5B6122BD687270062E356 /* Build configuration list for PBXNativeTarget "SportSpot" */ = {
			isa = XCConfigurationList;
			buildConfigurations = (
				ECA5B6132BD687270062E356 /* Debug */,
				ECA5B6142BD687270062E356 /* Release */,
			);
			defaultConfigurationIsVisible = 0;
			defaultConfigurationName = Release;
		};
/* End XCConfigurationList section */

/* Begin XCVersionGroup section */
		ECA5B6072BD687250062E356 /* SportSpot.xcdatamodeld */ = {
			isa = XCVersionGroup;
			children = (
				ECA5B6082BD687250062E356 /* SportSpot.xcdatamodel */,
			);
			currentVersion = ECA5B6082BD687250062E356 /* SportSpot.xcdatamodel */;
			path = SportSpot.xcdatamodeld;
			sourceTree = "<group>";
			versionGroupType = wrapper.xcdatamodel;
		};
/* End XCVersionGroup section */
	};
	rootObject = ECA5B5F32BD687250062E356 /* Project object */;
}
