PODS:
  - Alamofire (5.9.1)
  - Kingfisher (7.11.0)
  - SDWebImage (5.19.1):
    - SDWebImage/Core (= 5.19.1)
  - SDWebImage/Core (5.19.1)
  - SwiftyOnboard (1.4.0)

DEPENDENCIES:
  - Alamofire
  - Kingfisher
  - SDWebImage (~> 5.0)
  - SwiftyOnboard

SPEC REPOS:
  trunk:
    - Alamofire
    - Kingfisher
    - SDWebImage
    - SwiftyOnboard

SPEC CHECKSUMS:
  Alamofire: f36a35757af4587d8e4f4bfa223ad10be2422b8c
  Kingfisher: b9c985d864d43515f404f1ef4a8ce7d802ace3ac
  SDWebImage: 40b0b4053e36c660a764958bff99eed16610acbb
  SwiftyOnboard: 76a648dc1dcbc844343b6b95fe5883cb64a62f4a

PODFILE CHECKSUM: f6470c604e51906e22ed542c4ff783c8d08d214e

COCOAPODS: 1.15.2
